// !$*UTF8*$!
{
	archiveVersion = 1;
	classes = {
	};
	objectVersion = 56;
	objects = {

/* Begin PBXBuildFile section */
		C3C6CAF02977B96C000D0410 /* AppDelegate.swift in Sources */ = {isa = PBXBuildFile; fileRef = C3C6CAEF2977B96C000D0410 /* AppDelegate.swift */; };
		C3C6CAF22977B96C000D0410 /* SceneDelegate.swift in Sources */ = {isa = PBXBuildFile; fileRef = C3C6CAF12977B96C000D0410 /* SceneDelegate.swift */; };
		C3C6CAF42977B96C000D0410 /* ViewController.swift in Sources */ = {isa = PBXBuildFile; fileRef = C3C6CAF32977B96C000D0410 /* ViewController.swift */; };
		C3C6CAF72977B96C000D0410 /* Main.storyboard in Resources */ = {isa = PBXBuildFile; fileRef = C3C6CAF52977B96C000D0410 /* Main.storyboard */; };
		C3C6CAF92977B96E000D0410 /* Assets.xcassets in Resources */ = {isa = PBXBuildFile; fileRef = C3C6CAF82977B96E000D0410 /* Assets.xcassets */; };
		C3C6CAFC2977B96E000D0410 /* LaunchScreen.storyboard in Resources */ = {isa = PBXBuildFile; fileRef = C3C6CAFA2977B96E000D0410 /* LaunchScreen.storyboard */; };
		C3C6CB042977B99E000D0410 /* ArticleList.storyboard in Resources */ = {isa = PBXBuildFile; fileRef = C3C6CB032977B99E000D0410 /* ArticleList.storyboard */; };
		C3C6CB062977B9AD000D0410 /* ArticleDetail.storyboard in Resources */ = {isa = PBXBuildFile; fileRef = C3C6CB052977B9AD000D0410 /* ArticleDetail.storyboard */; };
		C3C6CB082977B9E9000D0410 /* ArticleListViewController.swift in Sources */ = {isa = PBXBuildFile; fileRef = C3C6CB072977B9E9000D0410 /* ArticleListViewController.swift */; };
		C3C6CB0A2977B9FB000D0410 /* ArticleDetailViewController.swift in Sources */ = {isa = PBXBuildFile; fileRef = C3C6CB092977B9FB000D0410 /* ArticleDetailViewController.swift */; };
		C3C6CB0C2977BCFF000D0410 /* ArticleEntity.swift in Sources */ = {isa = PBXBuildFile; fileRef = C3C6CB0B2977BCFF000D0410 /* ArticleEntity.swift */; };
		C3C6CB10297FCDB9000D0410 /* UseCaseProtocol.swift in Sources */ = {isa = PBXBuildFile; fileRef = C3C6CB0F297FCDB9000D0410 /* UseCaseProtocol.swift */; };
		C3C6CB12297FCF7C000D0410 /* GetArticlesArrayUseCase.swift in Sources */ = {isa = PBXBuildFile; fileRef = C3C6CB11297FCF7C000D0410 /* GetArticlesArrayUseCase.swift */; };
		C3C6CB14297FCFD5000D0410 /* GetArticleByIdUseCase.swift in Sources */ = {isa = PBXBuildFile; fileRef = C3C6CB13297FCFD5000D0410 /* GetArticleByIdUseCase.swift */; };
/* End PBXBuildFile section */

/* Begin PBXFileReference section */
		C3C6CAEC2977B96C000D0410 /* ViperSamper.app */ = {isa = PBXFileReference; explicitFileType = wrapper.application; includeInIndex = 0; path = ViperSamper.app; sourceTree = BUILT_PRODUCTS_DIR; };
		C3C6CAEF2977B96C000D0410 /* AppDelegate.swift */ = {isa = PBXFileReference; lastKnownFileType = sourcecode.swift; path = AppDelegate.swift; sourceTree = "<group>"; };
		C3C6CAF12977B96C000D0410 /* SceneDelegate.swift */ = {isa = PBXFileReference; lastKnownFileType = sourcecode.swift; path = SceneDelegate.swift; sourceTree = "<group>"; };
		C3C6CAF32977B96C000D0410 /* ViewController.swift */ = {isa = PBXFileReference; lastKnownFileType = sourcecode.swift; path = ViewController.swift; sourceTree = "<group>"; };
		C3C6CAF62977B96C000D0410 /* Base */ = {isa = PBXFileReference; lastKnownFileType = file.storyboard; name = Base; path = Base.lproj/Main.storyboard; sourceTree = "<group>"; };
		C3C6CAF82977B96E000D0410 /* Assets.xcassets */ = {isa = PBXFileReference; lastKnownFileType = folder.assetcatalog; path = Assets.xcassets; sourceTree = "<group>"; };
		C3C6CAFB2977B96E000D0410 /* Base */ = {isa = PBXFileReference; lastKnownFileType = file.storyboard; name = Base; path = Base.lproj/LaunchScreen.storyboard; sourceTree = "<group>"; };
		C3C6CAFD2977B96E000D0410 /* Info.plist */ = {isa = PBXFileReference; lastKnownFileType = text.plist.xml; path = Info.plist; sourceTree = "<group>"; };
		C3C6CB032977B99E000D0410 /* ArticleList.storyboard */ = {isa = PBXFileReference; lastKnownFileType = file.storyboard; path = ArticleList.storyboard; sourceTree = "<group>"; };
		C3C6CB052977B9AD000D0410 /* ArticleDetail.storyboard */ = {isa = PBXFileReference; lastKnownFileType = file.storyboard; path = ArticleDetail.storyboard; sourceTree = "<group>"; };
		C3C6CB072977B9E9000D0410 /* ArticleListViewController.swift */ = {isa = PBXFileReference; lastKnownFileType = sourcecode.swift; path = ArticleListViewController.swift; sourceTree = "<group>"; };
		C3C6CB092977B9FB000D0410 /* ArticleDetailViewController.swift */ = {isa = PBXFileReference; lastKnownFileType = sourcecode.swift; path = ArticleDetailViewController.swift; sourceTree = "<group>"; };
		C3C6CB0B2977BCFF000D0410 /* ArticleEntity.swift */ = {isa = PBXFileReference; lastKnownFileType = sourcecode.swift; path = ArticleEntity.swift; sourceTree = "<group>"; };
		C3C6CB0F297FCDB9000D0410 /* UseCaseProtocol.swift */ = {isa = PBXFileReference; lastKnownFileType = sourcecode.swift; path = UseCaseProtocol.swift; sourceTree = "<group>"; };
		C3C6CB11297FCF7C000D0410 /* GetArticlesArrayUseCase.swift */ = {isa = PBXFileReference; lastKnownFileType = sourcecode.swift; path = GetArticlesArrayUseCase.swift; sourceTree = "<group>"; };
		C3C6CB13297FCFD5000D0410 /* GetArticleByIdUseCase.swift */ = {isa = PBXFileReference; lastKnownFileType = sourcecode.swift; path = GetArticleByIdUseCase.swift; sourceTree = "<group>"; };
/* End PBXFileReference section */

/* Begin PBXFrameworksBuildPhase section */
		C3C6CAE92977B96C000D0410 /* Frameworks */ = {
			isa = PBXFrameworksBuildPhase;
			buildActionMask = 2147483647;
			files = (
			);
			runOnlyForDeploymentPostprocessing = 0;
		};
/* End PBXFrameworksBuildPhase section */

/* Begin PBXGroup section */
		C3C6CAE32977B96C000D0410 = {
			isa = PBXGroup;
			children = (
				C3C6CAEE2977B96C000D0410 /* ViperSamper */,
				C3C6CAED2977B96C000D0410 /* Products */,
			);
			sourceTree = "<group>";
		};
		C3C6CAED2977B96C000D0410 /* Products */ = {
			isa = PBXGroup;
			children = (
				C3C6CAEC2977B96C000D0410 /* ViperSamper.app */,
			);
			name = Products;
			sourceTree = "<group>";
		};
		C3C6CAEE2977B96C000D0410 /* ViperSamper */ = {
			isa = PBXGroup;
			children = (
				C3C6CAEF2977B96C000D0410 /* AppDelegate.swift */,
				C3C6CAF12977B96C000D0410 /* SceneDelegate.swift */,
				C3C6CAF32977B96C000D0410 /* ViewController.swift */,
				C3C6CAF52977B96C000D0410 /* Main.storyboard */,
				C3C6CB032977B99E000D0410 /* ArticleList.storyboard */,
				C3C6CB072977B9E9000D0410 /* ArticleListViewController.swift */,
				C3C6CB052977B9AD000D0410 /* ArticleDetail.storyboard */,
				C3C6CB092977B9FB000D0410 /* ArticleDetailViewController.swift */,
				C3C6CB15297FD00C000D0410 /* Entity */,
				C3C6CB0E297FCDA1000D0410 /* UseCase */,
				C3C6CAF82977B96E000D0410 /* Assets.xcassets */,
				C3C6CAFA2977B96E000D0410 /* LaunchScreen.storyboard */,
				C3C6CAFD2977B96E000D0410 /* Info.plist */,
			);
			path = ViperSamper;
			sourceTree = "<group>";
		};
		C3C6CB0E297FCDA1000D0410 /* UseCase */ = {
			isa = PBXGroup;
			children = (
				C3C6CB0F297FCDB9000D0410 /* UseCaseProtocol.swift */,
				C3C6CB11297FCF7C000D0410 /* GetArticlesArrayUseCase.swift */,
				C3C6CB13297FCFD5000D0410 /* GetArticleByIdUseCase.swift */,
			);
			path = UseCase;
			sourceTree = "<group>";
		};
		C3C6CB15297FD00C000D0410 /* Entity */ = {
			isa = PBXGroup;
			children = (
				C3C6CB0B2977BCFF000D0410 /* ArticleEntity.swift */,
			);
			path = Entity;
			sourceTree = "<group>";
		};
/* End PBXGroup section */

/* Begin PBXNativeTarget section */
		C3C6CAEB2977B96C000D0410 /* ViperSamper */ = {
			isa = PBXNativeTarget;
			buildConfigurationList = C3C6CB002977B96E000D0410 /* Build configuration list for PBXNativeTarget "ViperSamper" */;
			buildPhases = (
				C3C6CAE82977B96C000D0410 /* Sources */,
				C3C6CAE92977B96C000D0410 /* Frameworks */,
				C3C6CAEA2977B96C000D0410 /* Resources */,
			);
			buildRules = (
			);
			dependencies = (
			);
			name = ViperSamper;
			productName = ViperSamper;
			productReference = C3C6CAEC2977B96C000D0410 /* ViperSamper.app */;
			productType = "com.apple.product-type.application";
		};
/* End PBXNativeTarget section */

/* Begin PBXProject section */
		C3C6CAE42977B96C000D0410 /* Project object */ = {
			isa = PBXProject;
			attributes = {
				BuildIndependentTargetsInParallel = 1;
				LastSwiftUpdateCheck = 1420;
				LastUpgradeCheck = 1420;
				TargetAttributes = {
					C3C6CAEB2977B96C000D0410 = {
						CreatedOnToolsVersion = 14.2;
					};
				};
			};
			buildConfigurationList = C3C6CAE72977B96C000D0410 /* Build configuration list for PBXProject "ViperSamper" */;
			compatibilityVersion = "Xcode 14.0";
			developmentRegion = en;
			hasScannedForEncodings = 0;
			knownRegions = (
				en,
				Base,
			);
			mainGroup = C3C6CAE32977B96C000D0410;
			productRefGroup = C3C6CAED2977B96C000D0410 /* Products */;
			projectDirPath = "";
			projectRoot = "";
			targets = (
				C3C6CAEB2977B96C000D0410 /* ViperSamper */,
			);
		};
/* End PBXProject section */

/* Begin PBXResourcesBuildPhase section */
		C3C6CAEA2977B96C000D0410 /* Resources */ = {
			isa = PBXResourcesBuildPhase;
			buildActionMask = 2147483647;
			files = (
				C3C6CAFC2977B96E000D0410 /* LaunchScreen.storyboard in Resources */,
				C3C6CB042977B99E000D0410 /* ArticleList.storyboard in Resources */,
				C3C6CB062977B9AD000D0410 /* ArticleDetail.storyboard in Resources */,
				C3C6CAF92977B96E000D0410 /* Assets.xcassets in Resources */,
				C3C6CAF72977B96C000D0410 /* Main.storyboard in Resources */,
			);
			runOnlyForDeploymentPostprocessing = 0;
		};
/* End PBXResourcesBuildPhase section */

/* Begin PBXSourcesBuildPhase section */
		C3C6CAE82977B96C000D0410 /* Sources */ = {
			isa = PBXSourcesBuildPhase;
			buildActionMask = 2147483647;
			files = (
				C3C6CAF42977B96C000D0410 /* ViewController.swift in Sources */,
				C3C6CB14297FCFD5000D0410 /* GetArticleByIdUseCase.swift in Sources */,
				C3C6CB0C2977BCFF000D0410 /* ArticleEntity.swift in Sources */,
				C3C6CB10297FCDB9000D0410 /* UseCaseProtocol.swift in Sources */,
				C3C6CB082977B9E9000D0410 /* ArticleListViewController.swift in Sources */,
				C3C6CAF02977B96C000D0410 /* AppDelegate.swift in Sources */,
				C3C6CAF22977B96C000D0410 /* SceneDelegate.swift in Sources */,
				C3C6CB0A2977B9FB000D0410 /* ArticleDetailViewController.swift in Sources */,
				C3C6CB12297FCF7C000D0410 /* GetArticlesArrayUseCase.swift in Sources */,
			);
			runOnlyForDeploymentPostprocessing = 0;
		};
/* End PBXSourcesBuildPhase section */

/* Begin PBXVariantGroup section */
		C3C6CAF52977B96C000D0410 /* Main.storyboard */ = {
			isa = PBXVariantGroup;
			children = (
				C3C6CAF62977B96C000D0410 /* Base */,
			);
			name = Main.storyboard;
			sourceTree = "<group>";
		};
		C3C6CAFA2977B96E000D0410 /* LaunchScreen.storyboard */ = {
			isa = PBXVariantGroup;
			children = (
				C3C6CAFB2977B96E000D0410 /* Base */,
			);
			name = LaunchScreen.storyboard;
			sourceTree = "<group>";
		};
/* End PBXVariantGroup section */

/* Begin XCBuildConfiguration section */
		C3C6CAFE2977B96E000D0410 /* Debug */ = {
			isa = XCBuildConfiguration;
			buildSettings = {
				ALWAYS_SEARCH_USER_PATHS = NO;
				CLANG_ANALYZER_NONNULL = YES;
				CLANG_ANALYZER_NUMBER_OBJECT_CONVERSION = YES_AGGRESSIVE;
				CLANG_CXX_LANGUAGE_STANDARD = "gnu++20";
				CLANG_ENABLE_MODULES = YES;
				CLANG_ENABLE_OBJC_ARC = YES;
				CLANG_ENABLE_OBJC_WEAK = YES;
				CLANG_WARN_BLOCK_CAPTURE_AUTORELEASING = YES;
				CLANG_WARN_BOOL_CONVERSION = YES;
				CLANG_WARN_COMMA = YES;
				CLANG_WARN_CONSTANT_CONVERSION = YES;
				CLANG_WARN_DEPRECATED_OBJC_IMPLEMENTATIONS = YES;
				CLANG_WARN_DIRECT_OBJC_ISA_USAGE = YES_ERROR;
				CLANG_WARN_DOCUMENTATION_COMMENTS = YES;
				CLANG_WARN_EMPTY_BODY = YES;
				CLANG_WARN_ENUM_CONVERSION = YES;
				CLANG_WARN_INFINITE_RECURSION = YES;
				CLANG_WARN_INT_CONVERSION = YES;
				CLANG_WARN_NON_LITERAL_NULL_CONVERSION = YES;
				CLANG_WARN_OBJC_IMPLICIT_RETAIN_SELF = YES;
				CLANG_WARN_OBJC_LITERAL_CONVERSION = YES;
				CLANG_WARN_OBJC_ROOT_CLASS = YES_ERROR;
				CLANG_WARN_QUOTED_INCLUDE_IN_FRAMEWORK_HEADER = YES;
				CLANG_WARN_RANGE_LOOP_ANALYSIS = YES;
				CLANG_WARN_STRICT_PROTOTYPES = YES;
				CLANG_WARN_SUSPICIOUS_MOVE = YES;
				CLANG_WARN_UNGUARDED_AVAILABILITY = YES_AGGRESSIVE;
				CLANG_WARN_UNREACHABLE_CODE = YES;
				CLANG_WARN__DUPLICATE_METHOD_MATCH = YES;
				COPY_PHASE_STRIP = NO;
				DEBUG_INFORMATION_FORMAT = dwarf;
				ENABLE_STRICT_OBJC_MSGSEND = YES;
				ENABLE_TESTABILITY = YES;
				GCC_C_LANGUAGE_STANDARD = gnu11;
				GCC_DYNAMIC_NO_PIC = NO;
				GCC_NO_COMMON_BLOCKS = YES;
				GCC_OPTIMIZATION_LEVEL = 0;
				GCC_PREPROCESSOR_DEFINITIONS = (
					"DEBUG=1",
					"$(inherited)",
				);
				GCC_WARN_64_TO_32_BIT_CONVERSION = YES;
				GCC_WARN_ABOUT_RETURN_TYPE = YES_ERROR;
				GCC_WARN_UNDECLARED_SELECTOR = YES;
				GCC_WARN_UNINITIALIZED_AUTOS = YES_AGGRESSIVE;
				GCC_WARN_UNUSED_FUNCTION = YES;
				GCC_WARN_UNUSED_VARIABLE = YES;
				IPHONEOS_DEPLOYMENT_TARGET = 16.2;
				MTL_ENABLE_DEBUG_INFO = INCLUDE_SOURCE;
				MTL_FAST_MATH = YES;
				ONLY_ACTIVE_ARCH = YES;
				SDKROOT = iphoneos;
				SWIFT_ACTIVE_COMPILATION_CONDITIONS = DEBUG;
				SWIFT_OPTIMIZATION_LEVEL = "-Onone";
			};
			name = Debug;
		};
		C3C6CAFF2977B96E000D0410 /* Release */ = {
			isa = XCBuildConfiguration;
			buildSettings = {
				ALWAYS_SEARCH_USER_PATHS = NO;
				CLANG_ANALYZER_NONNULL = YES;
				CLANG_ANALYZER_NUMBER_OBJECT_CONVERSION = YES_AGGRESSIVE;
				CLANG_CXX_LANGUAGE_STANDARD = "gnu++20";
				CLANG_ENABLE_MODULES = YES;
				CLANG_ENABLE_OBJC_ARC = YES;
				CLANG_ENABLE_OBJC_WEAK = YES;
				CLANG_WARN_BLOCK_CAPTURE_AUTORELEASING = YES;
				CLANG_WARN_BOOL_CONVERSION = YES;
				CLANG_WARN_COMMA = YES;
				CLANG_WARN_CONSTANT_CONVERSION = YES;
				CLANG_WARN_DEPRECATED_OBJC_IMPLEMENTATIONS = YES;
				CLANG_WARN_DIRECT_OBJC_ISA_USAGE = YES_ERROR;
				CLANG_WARN_DOCUMENTATION_COMMENTS = YES;
				CLANG_WARN_EMPTY_BODY = YES;
				CLANG_WARN_ENUM_CONVERSION = YES;
				CLANG_WARN_INFINITE_RECURSION = YES;
				CLANG_WARN_INT_CONVERSION = YES;
				CLANG_WARN_NON_LITERAL_NULL_CONVERSION = YES;
				CLANG_WARN_OBJC_IMPLICIT_RETAIN_SELF = YES;
				CLANG_WARN_OBJC_LITERAL_CONVERSION = YES;
				CLANG_WARN_OBJC_ROOT_CLASS = YES_ERROR;
				CLANG_WARN_QUOTED_INCLUDE_IN_FRAMEWORK_HEADER = YES;
				CLANG_WARN_RANGE_LOOP_ANALYSIS = YES;
				CLANG_WARN_STRICT_PROTOTYPES = YES;
				CLANG_WARN_SUSPICIOUS_MOVE = YES;
				CLANG_WARN_UNGUARDED_AVAILABILITY = YES_AGGRESSIVE;
				CLANG_WARN_UNREACHABLE_CODE = YES;
				CLANG_WARN__DUPLICATE_METHOD_MATCH = YES;
				COPY_PHASE_STRIP = NO;
				DEBUG_INFORMATION_FORMAT = "dwarf-with-dsym";
				ENABLE_NS_ASSERTIONS = NO;
				ENABLE_STRICT_OBJC_MSGSEND = YES;
				GCC_C_LANGUAGE_STANDARD = gnu11;
				GCC_NO_COMMON_BLOCKS = YES;
				GCC_WARN_64_TO_32_BIT_CONVERSION = YES;
				GCC_WARN_ABOUT_RETURN_TYPE = YES_ERROR;
				GCC_WARN_UNDECLARED_SELECTOR = YES;
				GCC_WARN_UNINITIALIZED_AUTOS = YES_AGGRESSIVE;
				GCC_WARN_UNUSED_FUNCTION = YES;
				GCC_WARN_UNUSED_VARIABLE = YES;
				IPHONEOS_DEPLOYMENT_TARGET = 16.2;
				MTL_ENABLE_DEBUG_INFO = NO;
				MTL_FAST_MATH = YES;
				SDKROOT = iphoneos;
				SWIFT_COMPILATION_MODE = wholemodule;
				SWIFT_OPTIMIZATION_LEVEL = "-O";
				VALIDATE_PRODUCT = YES;
			};
			name = Release;
		};
		C3C6CB012977B96E000D0410 /* Debug */ = {
			isa = XCBuildConfiguration;
			buildSettings = {
				ASSETCATALOG_COMPILER_APPICON_NAME = AppIcon;
				ASSETCATALOG_COMPILER_GLOBAL_ACCENT_COLOR_NAME = AccentColor;
				CODE_SIGN_STYLE = Automatic;
				CURRENT_PROJECT_VERSION = 1;
				DEVELOPMENT_TEAM = KPE2HZ3RT6;
				GENERATE_INFOPLIST_FILE = YES;
				INFOPLIST_FILE = ViperSamper/Info.plist;
				INFOPLIST_KEY_UIApplicationSupportsIndirectInputEvents = YES;
				INFOPLIST_KEY_UILaunchStoryboardName = LaunchScreen;
				INFOPLIST_KEY_UIMainStoryboardFile = Main;
				INFOPLIST_KEY_UISupportedInterfaceOrientations_iPad = "UIInterfaceOrientationPortrait UIInterfaceOrientationPortraitUpsideDown UIInterfaceOrientationLandscapeLeft UIInterfaceOrientationLandscapeRight";
				INFOPLIST_KEY_UISupportedInterfaceOrientations_iPhone = "UIInterfaceOrientationPortrait UIInterfaceOrientationLandscapeLeft UIInterfaceOrientationLandscapeRight";
				LD_RUNPATH_SEARCH_PATHS = (
					"$(inherited)",
					"@executable_path/Frameworks",
				);
				MARKETING_VERSION = 1.0;
				PRODUCT_BUNDLE_IDENTIFIER = tech.landland.ViperSamper;
				PRODUCT_NAME = "$(TARGET_NAME)";
				SWIFT_EMIT_LOC_STRINGS = YES;
				SWIFT_VERSION = 5.0;
				TARGETED_DEVICE_FAMILY = "1,2";
			};
			name = Debug;
		};
		C3C6CB022977B96E000D0410 /* Release */ = {
			isa = XCBuildConfiguration;
			buildSettings = {
				ASSETCATALOG_COMPILER_APPICON_NAME = AppIcon;
				ASSETCATALOG_COMPILER_GLOBAL_ACCENT_COLOR_NAME = AccentColor;
				CODE_SIGN_STYLE = Automatic;
				CURRENT_PROJECT_VERSION = 1;
				DEVELOPMENT_TEAM = KPE2HZ3RT6;
				GENERATE_INFOPLIST_FILE = YES;
				INFOPLIST_FILE = ViperSamper/Info.plist;
				INFOPLIST_KEY_UIApplicationSupportsIndirectInputEvents = YES;
				INFOPLIST_KEY_UILaunchStoryboardName = LaunchScreen;
				INFOPLIST_KEY_UIMainStoryboardFile = Main;
				INFOPLIST_KEY_UISupportedInterfaceOrientations_iPad = "UIInterfaceOrientationPortrait UIInterfaceOrientationPortraitUpsideDown UIInterfaceOrientationLandscapeLeft UIInterfaceOrientationLandscapeRight";
				INFOPLIST_KEY_UISupportedInterfaceOrientations_iPhone = "UIInterfaceOrientationPortrait UIInterfaceOrientationLandscapeLeft UIInterfaceOrientationLandscapeRight";
				LD_RUNPATH_SEARCH_PATHS = (
					"$(inherited)",
					"@executable_path/Frameworks",
				);
				MARKETING_VERSION = 1.0;
				PRODUCT_BUNDLE_IDENTIFIER = tech.landland.ViperSamper;
				PRODUCT_NAME = "$(TARGET_NAME)";
				SWIFT_EMIT_LOC_STRINGS = YES;
				SWIFT_VERSION = 5.0;
				TARGETED_DEVICE_FAMILY = "1,2";
			};
			name = Release;
		};
/* End XCBuildConfiguration section */

/* Begin XCConfigurationList section */
		C3C6CAE72977B96C000D0410 /* Build configuration list for PBXProject "ViperSamper" */ = {
			isa = XCConfigurationList;
			buildConfigurations = (
				C3C6CAFE2977B96E000D0410 /* Debug */,
				C3C6CAFF2977B96E000D0410 /* Release */,
			);
			defaultConfigurationIsVisible = 0;
			defaultConfigurationName = Release;
		};
		C3C6CB002977B96E000D0410 /* Build configuration list for PBXNativeTarget "ViperSamper" */ = {
			isa = XCConfigurationList;
			buildConfigurations = (
				C3C6CB012977B96E000D0410 /* Debug */,
				C3C6CB022977B96E000D0410 /* Release */,
			);
			defaultConfigurationIsVisible = 0;
			defaultConfigurationName = Release;
		};
/* End XCConfigurationList section */
	};
	rootObject = C3C6CAE42977B96C000D0410 /* Project object */;
}
